{
  "name": "duo",
  "version": "1.0.0",
  "lockfileVersion": 2,
  "requires": true,
  "packages": {
    "": {
      "name": "duo",
      "version": "1.0.0",
      "license": "ISC",
      "dependencies": {
        "konva": "^8.3.6"
      },
      "devDependencies": {
        "typescript": "^4.6.3"
      }
    },
    "node_modules/konva": {
      "version": "8.3.6",
      "resolved": "https://registry.npmjs.org/konva/-/konva-8.3.6.tgz",
      "integrity": "sha512-onPvEqGBmPQlbdWYJsz0AtRZCec0mQr8U9D68LgtcQoAA4+Dd1ZUYZC8KyMNjg7ZvfAjXisc9kszQIAcLshY/w==",
      "funding": [
        {
          "type": "patreon",
          "url": "https://www.patreon.com/lavrton"
        },
        {
          "type": "opencollective",
          "url": "https://opencollective.com/konva"
        },
        {
          "type": "github",
          "url": "https://github.com/sponsors/lavrton"
        }
      ]
    },
    "node_modules/typescript": {
      "version": "4.6.3",
      "resolved": "https://registry.npmjs.org/typescript/-/typescript-4.6.3.tgz",
      "integrity": "sha512-yNIatDa5iaofVozS/uQJEl3JRWLKKGJKh6Yaiv0GLGSuhpFJe7P3SbHZ8/yjAHRQwKRoA6YZqlfjXWmVzoVSMw==",
      "dev": true,
      "bin": {
        "tsc": "bin/tsc",
        "tsserver": "bin/tsserver"
      },
      "engines": {
        "node": ">=4.2.0"
      }
    }
  },
  "dependencies": {
    "konva": {
      "version": "8.3.6",
      "resolved": "https://registry.npmjs.org/konva/-/konva-8.3.6.tgz",
      "integrity": "sha512-onPvEqGBmPQlbdWYJsz0AtRZCec0mQr8U9D68LgtcQoAA4+Dd1ZUYZC8KyMNjg7ZvfAjXisc9kszQIAcLshY/w=="
    },
    "typescript": {
      "version": "4.6.3",
      "resolved": "https://registry.npmjs.org/typescript/-/typescript-4.6.3.tgz",
      "integrity": "sha512-yNIatDa5iaofVozS/uQJEl3JRWLKKGJKh6Yaiv0GLGSuhpFJe7P3SbHZ8/yjAHRQwKRoA6YZqlfjXWmVzoVSMw==",
      "dev": true
    }
  }
}
